
Microsoft Visual Studio Solution File, Format Version 12.00
# Visual Studio 15
VisualStudioVersion = 15.0.28307.1000
MinimumVisualStudioVersion = 10.0.40219.1
Project("{FAE04EC0-301F-11D3-BF4B-00C04F79EFBC}") = "myhelloworld", "myhelloworld\myhelloworld.csproj", "{AEF70417-62F5-4B6C-BFB1-C359BE803FF6}"
EndProject
Global
	GlobalSection(SolutionConfigurationPlatforms) = preSolution
		Debug|Any CPU = Debug|Any CPU
		Release|Any CPU = Release|Any CPU
	EndGlobalSection
	GlobalSection(ProjectConfigurationPlatforms) = postSolution
		{AEF70417-62F5-4B6C-BFB1-C359BE803FF6}.Debug|Any CPU.ActiveCfg = Debug|Any CPU
		{AEF70417-62F5-4B6C-BFB1-C359BE803FF6}.Debug|Any CPU.Build.0 = Debug|Any CPU
		{AEF70417-62F5-4B6C-BFB1-C359BE803FF6}.Release|Any CPU.ActiveCfg = Release|Any CPU
		{AEF70417-62F5-4B6C-BFB1-C359BE803FF6}.Release|Any CPU.Build.0 = Release|Any CPU
	EndGlobalSection
	GlobalSection(SolutionProperties) = preSolution
		HideSolutionNode = FALSE
	EndGlobalSection
	GlobalSection(ExtensibilityGlobals) = postSolution
		SolutionGuid = {B8A189D5-BDE7-4542-B232-10B20A1C3AA2}
	EndGlobalSection
EndGlobal
